
Microsoft Visual Studio Solution File, Format Version 12.00
# Visual Studio Version 16
VisualStudioVersion = 16.0.31205.134
MinimumVisualStudioVersion = 10.0.40219.1
Project("{FAE04EC0-301F-11D3-BF4B-00C04F79EFBC}") = "Octopus-OffPeak-Calc", "Octopus-OffPeak-Calc\Octopus-OffPeak-Calc.csproj", "{05C18EC9-4A44-43AF-84FE-921B92B3E1DB}"
EndProject
Global
	GlobalSection(SolutionConfigurationPlatforms) = preSolution
		Debug|Any CPU = Debug|Any CPU
		Release|Any CPU = Release|Any CPU
	EndGlobalSection
	GlobalSection(ProjectConfigurationPlatforms) = postSolution
		{05C18EC9-4A44-43AF-84FE-921B92B3E1DB}.Debug|Any CPU.ActiveCfg = Debug|Any CPU
		{05C18EC9-4A44-43AF-84FE-921B92B3E1DB}.Debug|Any CPU.Build.0 = Debug|Any CPU
		{05C18EC9-4A44-43AF-84FE-921B92B3E1DB}.Release|Any CPU.ActiveCfg = Release|Any CPU
		{05C18EC9-4A44-43AF-84FE-921B92B3E1DB}.Release|Any CPU.Build.0 = Release|Any CPU
	EndGlobalSection
	GlobalSection(SolutionProperties) = preSolution
		HideSolutionNode = FALSE
	EndGlobalSection
	GlobalSection(ExtensibilityGlobals) = postSolution
		SolutionGuid = {ED227417-8F00-4D17-9694-008DF0B78427}
	EndGlobalSection
EndGlobal
